// !$*UTF8*$!
{
	archiveVersion = 1;
	classes = {
	};
	objectVersion = 77;
	objects = {

/* Begin PBXBuildFile section */
		01D135CD7C97553B700FE879 /* TunnelPlatform.swift in Sources */ = {isa = PBXBuildFile; fileRef = 2744AB90469297E584048FDE /* TunnelPlatform.swift */; };
		16A0367CB680FD8F10E248FE /* Libbox.xcframework in Frameworks */ = {isa = PBXBuildFile; fileRef = 1F4A92CB93081BC10F7234BE /* Libbox.xcframework */; };
		1DEB8D9BA6C712AD09452361 /* NetworkExtension.framework in Frameworks */ = {isa = PBXBuildFile; fileRef = 412AC6B39992995E53F698BD /* NetworkExtension.framework */; };
		1E45A64271B1A326F129E2AB /* ProfileVault.swift in Sources */ = {isa = PBXBuildFile; fileRef = 0F49A5D3EE458764069B81A1 /* ProfileVault.swift */; };
		290B381A39BABEABC6C942F6 /* SettingsView.swift in Sources */ = {isa = PBXBuildFile; fileRef = C0CAC858EA50E079980FAF10 /* SettingsView.swift */; };
		35CA8BEC33BDDB0DC44B9FEF /* Assets.xcassets in Resources */ = {isa = PBXBuildFile; fileRef = 8A0183C670F1C749BD636BDE /* Assets.xcassets */; };
		39F2216D18DCFFDF2E942318 /* DNSMessage.swift in Sources */ = {isa = PBXBuildFile; fileRef = 0C2EEC0669FFB7068404DAC5 /* DNSMessage.swift */; };
		5733ED5162F38B5F78411E98 /* libresolv.tbd in Frameworks */ = {isa = PBXBuildFile; fileRef = 20CEC56CF32A6D18371FED21 /* libresolv.tbd */; };
		621390B7B3CDE4459D7D4E97 /* Configuration.swift in Sources */ = {isa = PBXBuildFile; fileRef = EED08D4639F89EE4937C3365 /* Configuration.swift */; };
		6B68BA27A802916562DFC9A0 /* libresolv.tbd in Frameworks */ = {isa = PBXBuildFile; fileRef = 20CEC56CF32A6D18371FED21 /* libresolv.tbd */; };
		6EF072A6F9B106ECCF35F534 /* ContentView.swift in Sources */ = {isa = PBXBuildFile; fileRef = 26CB4F185A8C1F290EB6DBB9 /* ContentView.swift */; };
		7D1EA6B865423AD1EDADA78C /* Security.framework in Frameworks */ = {isa = PBXBuildFile; fileRef = 4F231AD8C3F202F35826D038 /* Security.framework */; };
		7DEC24183A25F410A252C702 /* SystemDNS.swift in Sources */ = {isa = PBXBuildFile; fileRef = ECC8E186EDCDECA771E31C60 /* SystemDNS.swift */; };
		81963746321EB773968D2C71 /* PacketTunnelProvider.swift in Sources */ = {isa = PBXBuildFile; fileRef = F469DC31E02E88E870346BE5 /* PacketTunnelProvider.swift */; };
		8869DD4D7EE6B08855C1C0F8 /* EngineTests.swift in Sources */ = {isa = PBXBuildFile; fileRef = 6977B137741CFF06D109EF87 /* EngineTests.swift */; };
		92117E5B898208B000AD68BB /* Configuration.swift in Sources */ = {isa = PBXBuildFile; fileRef = EED08D4639F89EE4937C3365 /* Configuration.swift */; };
		9A454CAD7C8943D282025169 /* Network.framework in Frameworks */ = {isa = PBXBuildFile; fileRef = 4ADB71472B5BEA3E6C778EAE /* Network.framework */; };
		9D5E9850B5A5685CF830BE82 /* NetworkExtension.framework in Frameworks */ = {isa = PBXBuildFile; fileRef = 412AC6B39992995E53F698BD /* NetworkExtension.framework */; };
		A05BF35AC3728BDF770A5F47 /* Libbox.xcframework in Frameworks */ = {isa = PBXBuildFile; fileRef = 1F4A92CB93081BC10F7234BE /* Libbox.xcframework */; };
		A1C9F7CC060A36A18249CD66 /* Models.swift in Sources */ = {isa = PBXBuildFile; fileRef = 65898A9FFFEEC554A94B59AB /* Models.swift */; };
		A705E7BF4C614D06F808711C /* VPNController.swift in Sources */ = {isa = PBXBuildFile; fileRef = 84B1C44AFA37B7A8CA0EF7DF /* VPNController.swift */; };
		A875D84E23428FE19BA1BD89 /* SystemDNS.swift in Sources */ = {isa = PBXBuildFile; fileRef = ECC8E186EDCDECA771E31C60 /* SystemDNS.swift */; };
		AB68D13331608FE603105118 /* Models.swift in Sources */ = {isa = PBXBuildFile; fileRef = 65898A9FFFEEC554A94B59AB /* Models.swift */; };
		B1BC2B8E8C52A01BFAB62A5D /* ProfileVault.swift in Sources */ = {isa = PBXBuildFile; fileRef = 0F49A5D3EE458764069B81A1 /* ProfileVault.swift */; };
		C2D965A9AD1932D02045E5FA /* FoxVPNTunnel.appex in Embed Foundation Extensions */ = {isa = PBXBuildFile; fileRef = BFFADA91AECB7DA8739F9BCB /* FoxVPNTunnel.appex */; settings = {ATTRIBUTES = (RemoveHeadersOnCopy, ); }; };
		C5CAB66F77012652440E8DB1 /* FoxVPNApp.swift in Sources */ = {isa = PBXBuildFile; fileRef = FF4334FFCA3A142C3959C425 /* FoxVPNApp.swift */; };
		CD24B8E9A01A69FCF40083C9 /* DNSMessage.swift in Sources */ = {isa = PBXBuildFile; fileRef = 0C2EEC0669FFB7068404DAC5 /* DNSMessage.swift */; };
		E8D53BCFB2EAB14F648BB72C /* QRScanner.swift in Sources */ = {isa = PBXBuildFile; fileRef = 1B790A74EDDABB3F67146981 /* QRScanner.swift */; };
		EEBE2B2CC76739BD171A676F /* Security.framework in Frameworks */ = {isa = PBXBuildFile; fileRef = 4F231AD8C3F202F35826D038 /* Security.framework */; };
		F65BA5750799DC4DF0A1F3D3 /* AppTests.swift in Sources */ = {isa = PBXBuildFile; fileRef = 7E2AE4F90C773D7801749F42 /* AppTests.swift */; };
/* End PBXBuildFile section */

/* Begin PBXContainerItemProxy section */
		51EBEAFE7CAD8B1790D266E9 /* PBXContainerItemProxy */ = {
			isa = PBXContainerItemProxy;
			containerPortal = 58A1B645A6D7DD4227B6480C /* Project object */;
			proxyType = 1;
			remoteGlobalIDString = A67123DDC05D1D97B17DCF66;
			remoteInfo = foxVPN;
		};
		66A99290B068C96C2AEFD146 /* PBXContainerItemProxy */ = {
			isa = PBXContainerItemProxy;
			containerPortal = 58A1B645A6D7DD4227B6480C /* Project object */;
			proxyType = 1;
			remoteGlobalIDString = A67123DDC05D1D97B17DCF66;
			remoteInfo = foxVPN;
		};
		B8E834162109C0DF07EE848C /* PBXContainerItemProxy */ = {
			isa = PBXContainerItemProxy;
			containerPortal = 58A1B645A6D7DD4227B6480C /* Project object */;
			proxyType = 1;
			remoteGlobalIDString = A78C3E8497E4E242E28389B8;
			remoteInfo = FoxVPNTunnel;
		};
/* End PBXContainerItemProxy section */

/* Begin PBXCopyFilesBuildPhase section */
		C34E22F0FAAE46CD14E3D177 /* Embed Foundation Extensions */ = {
			isa = PBXCopyFilesBuildPhase;
			buildActionMask = 2147483647;
			dstPath = "";
			dstSubfolderSpec = 13;
			files = (
				C2D965A9AD1932D02045E5FA /* FoxVPNTunnel.appex in Embed Foundation Extensions */,
			);
			name = "Embed Foundation Extensions";
			runOnlyForDeploymentPostprocessing = 0;
		};
/* End PBXCopyFilesBuildPhase section */

/* Begin PBXFileReference section */
		0C2EEC0669FFB7068404DAC5 /* DNSMessage.swift */ = {isa = PBXFileReference; lastKnownFileType = sourcecode.swift; path = DNSMessage.swift; sourceTree = "<group>"; };
		0F49A5D3EE458764069B81A1 /* ProfileVault.swift */ = {isa = PBXFileReference; lastKnownFileType = sourcecode.swift; path = ProfileVault.swift; sourceTree = "<group>"; };
		174EE71EDA8706AB3EEDF5F4 /* Info.plist */ = {isa = PBXFileReference; lastKnownFileType = text.plist; path = Info.plist; sourceTree = "<group>"; };
		1B790A74EDDABB3F67146981 /* QRScanner.swift */ = {isa = PBXFileReference; lastKnownFileType = sourcecode.swift; path = QRScanner.swift; sourceTree = "<group>"; };
		1F4A92CB93081BC10F7234BE /* Libbox.xcframework */ = {isa = PBXFileReference; lastKnownFileType = wrapper.xcframework; name = Libbox.xcframework; path = Frameworks/Libbox.xcframework; sourceTree = "<group>"; };
		20CEC56CF32A6D18371FED21 /* libresolv.tbd */ = {isa = PBXFileReference; lastKnownFileType = "sourcecode.text-based-dylib-definition"; name = libresolv.tbd; path = usr/lib/libresolv.tbd; sourceTree = SDKROOT; };
		26CB4F185A8C1F290EB6DBB9 /* ContentView.swift */ = {isa = PBXFileReference; lastKnownFileType = sourcecode.swift; path = ContentView.swift; sourceTree = "<group>"; };
		2744AB90469297E584048FDE /* TunnelPlatform.swift */ = {isa = PBXFileReference; lastKnownFileType = sourcecode.swift; path = TunnelPlatform.swift; sourceTree = "<group>"; };
		412AC6B39992995E53F698BD /* NetworkExtension.framework */ = {isa = PBXFileReference; lastKnownFileType = wrapper.framework; name = NetworkExtension.framework; path = System/Library/Frameworks/NetworkExtension.framework; sourceTree = SDKROOT; };
		4ADB71472B5BEA3E6C778EAE /* Network.framework */ = {isa = PBXFileReference; lastKnownFileType = wrapper.framework; name = Network.framework; path = System/Library/Frameworks/Network.framework; sourceTree = SDKROOT; };
		4F231AD8C3F202F35826D038 /* Security.framework */ = {isa = PBXFileReference; lastKnownFileType = wrapper.framework; name = Security.framework; path = System/Library/Frameworks/Security.framework; sourceTree = SDKROOT; };
		5289CC35F3AE638D486D0B71 /* foxVPN.app */ = {isa = PBXFileReference; includeInIndex = 0; lastKnownFileType = wrapper.application; path = foxVPN.app; sourceTree = BUILT_PRODUCTS_DIR; };
		65898A9FFFEEC554A94B59AB /* Models.swift */ = {isa = PBXFileReference; lastKnownFileType = sourcecode.swift; path = Models.swift; sourceTree = "<group>"; };
		6977B137741CFF06D109EF87 /* EngineTests.swift */ = {isa = PBXFileReference; lastKnownFileType = sourcecode.swift; path = EngineTests.swift; sourceTree = "<group>"; };
		6B2501A0F77541E3D9981B55 /* FoxVPNTunnel.entitlements */ = {isa = PBXFileReference; lastKnownFileType = text.plist.entitlements; path = FoxVPNTunnel.entitlements; sourceTree = "<group>"; };
		7E2AE4F90C773D7801749F42 /* AppTests.swift */ = {isa = PBXFileReference; lastKnownFileType = sourcecode.swift; path = AppTests.swift; sourceTree = "<group>"; };
		84B1C44AFA37B7A8CA0EF7DF /* VPNController.swift */ = {isa = PBXFileReference; lastKnownFileType = sourcecode.swift; path = VPNController.swift; sourceTree = "<group>"; };
		8A0183C670F1C749BD636BDE /* Assets.xcassets */ = {isa = PBXFileReference; lastKnownFileType = folder.assetcatalog; path = Assets.xcassets; sourceTree = "<group>"; };
		BFFADA91AECB7DA8739F9BCB /* FoxVPNTunnel.appex */ = {isa = PBXFileReference; includeInIndex = 0; lastKnownFileType = "wrapper.app-extension"; path = FoxVPNTunnel.appex; sourceTree = BUILT_PRODUCTS_DIR; };
		C0CAC858EA50E079980FAF10 /* SettingsView.swift */ = {isa = PBXFileReference; lastKnownFileType = sourcecode.swift; path = SettingsView.swift; sourceTree = "<group>"; };
		C46961013FC2943012C13892 /* FoxVPNUITests.xctest */ = {isa = PBXFileReference; includeInIndex = 0; lastKnownFileType = wrapper.cfbundle; path = FoxVPNUITests.xctest; sourceTree = BUILT_PRODUCTS_DIR; };
		D6906D64DD53A0131FB9B3DA /* FoxVPNIntegrationTests.xctest */ = {isa = PBXFileReference; includeInIndex = 0; lastKnownFileType = wrapper.cfbundle; path = FoxVPNIntegrationTests.xctest; sourceTree = BUILT_PRODUCTS_DIR; };
		D91747A34F89F77CD32BA5EF /* foxVPN.entitlements */ = {isa = PBXFileReference; lastKnownFileType = text.plist.entitlements; path = foxVPN.entitlements; sourceTree = "<group>"; };
		E01CC5C7890C4122926F1467 /* Info.plist */ = {isa = PBXFileReference; lastKnownFileType = text.plist; path = Info.plist; sourceTree = "<group>"; };
		ECC8E186EDCDECA771E31C60 /* SystemDNS.swift */ = {isa = PBXFileReference; lastKnownFileType = sourcecode.swift; path = SystemDNS.swift; sourceTree = "<group>"; };
		EED08D4639F89EE4937C3365 /* Configuration.swift */ = {isa = PBXFileReference; lastKnownFileType = sourcecode.swift; path = Configuration.swift; sourceTree = "<group>"; };
		F469DC31E02E88E870346BE5 /* PacketTunnelProvider.swift */ = {isa = PBXFileReference; lastKnownFileType = sourcecode.swift; path = PacketTunnelProvider.swift; sourceTree = "<group>"; };
		FF4334FFCA3A142C3959C425 /* FoxVPNApp.swift */ = {isa = PBXFileReference; lastKnownFileType = sourcecode.swift; path = FoxVPNApp.swift; sourceTree = "<group>"; };
/* End PBXFileReference section */

/* Begin PBXFrameworksBuildPhase section */
		A8AE496EE8D726F8A4C7F96F /* Frameworks */ = {
			isa = PBXFrameworksBuildPhase;
			buildActionMask = 2147483647;
			files = (
				A05BF35AC3728BDF770A5F47 /* Libbox.xcframework in Frameworks */,
				5733ED5162F38B5F78411E98 /* libresolv.tbd in Frameworks */,
			);
			runOnlyForDeploymentPostprocessing = 0;
		};
		C555EBA216425C1F8D068324 /* Frameworks */ = {
			isa = PBXFrameworksBuildPhase;
			buildActionMask = 2147483647;
			files = (
				16A0367CB680FD8F10E248FE /* Libbox.xcframework in Frameworks */,
				1DEB8D9BA6C712AD09452361 /* NetworkExtension.framework in Frameworks */,
				9A454CAD7C8943D282025169 /* Network.framework in Frameworks */,
				EEBE2B2CC76739BD171A676F /* Security.framework in Frameworks */,
				6B68BA27A802916562DFC9A0 /* libresolv.tbd in Frameworks */,
			);
			runOnlyForDeploymentPostprocessing = 0;
		};
		F3AEC672CDE938EA9A9FA01A /* Frameworks */ = {
			isa = PBXFrameworksBuildPhase;
			buildActionMask = 2147483647;
			files = (
				9D5E9850B5A5685CF830BE82 /* NetworkExtension.framework in Frameworks */,
				7D1EA6B865423AD1EDADA78C /* Security.framework in Frameworks */,
			);
			runOnlyForDeploymentPostprocessing = 0;
		};
/* End PBXFrameworksBuildPhase section */

/* Begin PBXGroup section */
		4023CB6AC9DD4ECEC55C56C5 /* App */ = {
			isa = PBXGroup;
			children = (
				8A0183C670F1C749BD636BDE /* Assets.xcassets */,
				26CB4F185A8C1F290EB6DBB9 /* ContentView.swift */,
				D91747A34F89F77CD32BA5EF /* foxVPN.entitlements */,
				FF4334FFCA3A142C3959C425 /* FoxVPNApp.swift */,
				174EE71EDA8706AB3EEDF5F4 /* Info.plist */,
				1B790A74EDDABB3F67146981 /* QRScanner.swift */,
				C0CAC858EA50E079980FAF10 /* SettingsView.swift */,
				84B1C44AFA37B7A8CA0EF7DF /* VPNController.swift */,
			);
			path = App;
			sourceTree = "<group>";
		};
		52C9F68A08E5260A87EECA00 /* Frameworks */ = {
			isa = PBXGroup;
			children = (
				1F4A92CB93081BC10F7234BE /* Libbox.xcframework */,
				20CEC56CF32A6D18371FED21 /* libresolv.tbd */,
				4ADB71472B5BEA3E6C778EAE /* Network.framework */,
				412AC6B39992995E53F698BD /* NetworkExtension.framework */,
				4F231AD8C3F202F35826D038 /* Security.framework */,
			);
			name = Frameworks;
			sourceTree = "<group>";
		};
		5CDD199769DAAE4E3ACDDB71 /* Shared */ = {
			isa = PBXGroup;
			children = (
				EED08D4639F89EE4937C3365 /* Configuration.swift */,
				0C2EEC0669FFB7068404DAC5 /* DNSMessage.swift */,
				65898A9FFFEEC554A94B59AB /* Models.swift */,
				0F49A5D3EE458764069B81A1 /* ProfileVault.swift */,
			);
			path = Shared;
			sourceTree = "<group>";
		};
		81796D330D5545CEA41C3733 /* IntegrationTests */ = {
			isa = PBXGroup;
			children = (
				6977B137741CFF06D109EF87 /* EngineTests.swift */,
			);
			path = IntegrationTests;
			sourceTree = "<group>";
		};
		9FB544F72DBD3CC1A99B66A8 /* Tunnel */ = {
			isa = PBXGroup;
			children = (
				6B2501A0F77541E3D9981B55 /* FoxVPNTunnel.entitlements */,
				E01CC5C7890C4122926F1467 /* Info.plist */,
				F469DC31E02E88E870346BE5 /* PacketTunnelProvider.swift */,
				ECC8E186EDCDECA771E31C60 /* SystemDNS.swift */,
				2744AB90469297E584048FDE /* TunnelPlatform.swift */,
			);
			path = Tunnel;
			sourceTree = "<group>";
		};
		B4D1A0EED5E684CC99B20BFB /* Products */ = {
			isa = PBXGroup;
			children = (
				5289CC35F3AE638D486D0B71 /* foxVPN.app */,
				D6906D64DD53A0131FB9B3DA /* FoxVPNIntegrationTests.xctest */,
				BFFADA91AECB7DA8739F9BCB /* FoxVPNTunnel.appex */,
				C46961013FC2943012C13892 /* FoxVPNUITests.xctest */,
			);
			name = Products;
			sourceTree = "<group>";
		};
		F1DB872A28BFFEA9F9C2D4ED = {
			isa = PBXGroup;
			children = (
				4023CB6AC9DD4ECEC55C56C5 /* App */,
				81796D330D5545CEA41C3733 /* IntegrationTests */,
				5CDD199769DAAE4E3ACDDB71 /* Shared */,
				9FB544F72DBD3CC1A99B66A8 /* Tunnel */,
				FAE00B1B7E8C929B73C0C022 /* UITests */,
				52C9F68A08E5260A87EECA00 /* Frameworks */,
				B4D1A0EED5E684CC99B20BFB /* Products */,
			);
			sourceTree = "<group>";
		};
		FAE00B1B7E8C929B73C0C022 /* UITests */ = {
			isa = PBXGroup;
			children = (
				7E2AE4F90C773D7801749F42 /* AppTests.swift */,
			);
			path = UITests;
			sourceTree = "<group>";
		};
/* End PBXGroup section */

/* Begin PBXNativeTarget section */
		11E4CE337D028B4B09AA1BCA /* FoxVPNUITests */ = {
			isa = PBXNativeTarget;
			buildConfigurationList = 14F17B52F72BDAEDB533CB46 /* Build configuration list for PBXNativeTarget "FoxVPNUITests" */;
			buildPhases = (
				EF5FA5961E1F2D91174A268C /* Sources */,
			);
			buildRules = (
			);
			dependencies = (
				A857504DBC629DCABA681A97 /* PBXTargetDependency */,
			);
			name = FoxVPNUITests;
			packageProductDependencies = (
			);
			productName = FoxVPNUITests;
			productReference = C46961013FC2943012C13892 /* FoxVPNUITests.xctest */;
			productType = "com.apple.product-type.bundle.ui-testing";
		};
		9417021AAD714E2781A2B7DA /* FoxVPNIntegrationTests */ = {
			isa = PBXNativeTarget;
			buildConfigurationList = 46F6B74418C812A8911D243D /* Build configuration list for PBXNativeTarget "FoxVPNIntegrationTests" */;
			buildPhases = (
				A1F82C8A14E7941C2BD21F5C /* Sources */,
				A8AE496EE8D726F8A4C7F96F /* Frameworks */,
			);
			buildRules = (
			);
			dependencies = (
				844BBE38F6AA160EAAB424C4 /* PBXTargetDependency */,
			);
			name = FoxVPNIntegrationTests;
			packageProductDependencies = (
			);
			productName = FoxVPNIntegrationTests;
			productReference = D6906D64DD53A0131FB9B3DA /* FoxVPNIntegrationTests.xctest */;
			productType = "com.apple.product-type.bundle.unit-test";
		};
		A67123DDC05D1D97B17DCF66 /* foxVPN */ = {
			isa = PBXNativeTarget;
			buildConfigurationList = A633D119DFE0BCDCA0B586FA /* Build configuration list for PBXNativeTarget "foxVPN" */;
			buildPhases = (
				33E7869705AFBA4F44CDB761 /* Sources */,
				FED42DD0F830E94B1035054C /* Resources */,
				F3AEC672CDE938EA9A9FA01A /* Frameworks */,
				C34E22F0FAAE46CD14E3D177 /* Embed Foundation Extensions */,
			);
			buildRules = (
			);
			dependencies = (
				9418EC375FC70B98E38B53F3 /* PBXTargetDependency */,
			);
			name = foxVPN;
			packageProductDependencies = (
			);
			productName = foxVPN;
			productReference = 5289CC35F3AE638D486D0B71 /* foxVPN.app */;
			productType = "com.apple.product-type.application";
		};
		A78C3E8497E4E242E28389B8 /* FoxVPNTunnel */ = {
			isa = PBXNativeTarget;
			buildConfigurationList = 004C2FABF76024A150E7B054 /* Build configuration list for PBXNativeTarget "FoxVPNTunnel" */;
			buildPhases = (
				9A01DC932D6E01E0DAE926AD /* Sources */,
				C555EBA216425C1F8D068324 /* Frameworks */,
			);
			buildRules = (
			);
			dependencies = (
			);
			name = FoxVPNTunnel;
			packageProductDependencies = (
			);
			productName = FoxVPNTunnel;
			productReference = BFFADA91AECB7DA8739F9BCB /* FoxVPNTunnel.appex */;
			productType = "com.apple.product-type.app-extension";
		};
/* End PBXNativeTarget section */

/* Begin PBXProject section */
		58A1B645A6D7DD4227B6480C /* Project object */ = {
			isa = PBXProject;
			attributes = {
				BuildIndependentTargetsInParallel = YES;
				LastUpgradeCheck = 1430;
				TargetAttributes = {
					11E4CE337D028B4B09AA1BCA = {
						ProvisioningStyle = Automatic;
						TestTargetID = A67123DDC05D1D97B17DCF66;
					};
					9417021AAD714E2781A2B7DA = {
						ProvisioningStyle = Automatic;
					};
					A67123DDC05D1D97B17DCF66 = {
						ProvisioningStyle = Automatic;
					};
					A78C3E8497E4E242E28389B8 = {
						ProvisioningStyle = Automatic;
					};
				};
			};
			buildConfigurationList = F07AA03CD34534781561ED8A /* Build configuration list for PBXProject "foxVPN" */;
			developmentRegion = en;
			hasScannedForEncodings = 0;
			knownRegions = (
				Base,
				en,
			);
			mainGroup = F1DB872A28BFFEA9F9C2D4ED;
			minimizedProjectReferenceProxies = 1;
			preferredProjectObjectVersion = 77;
			productRefGroup = B4D1A0EED5E684CC99B20BFB /* Products */;
			projectDirPath = "";
			projectRoot = "";
			targets = (
				A67123DDC05D1D97B17DCF66 /* foxVPN */,
				A78C3E8497E4E242E28389B8 /* FoxVPNTunnel */,
				9417021AAD714E2781A2B7DA /* FoxVPNIntegrationTests */,
				11E4CE337D028B4B09AA1BCA /* FoxVPNUITests */,
			);
		};
/* End PBXProject section */

/* Begin PBXResourcesBuildPhase section */
		FED42DD0F830E94B1035054C /* Resources */ = {
			isa = PBXResourcesBuildPhase;
			buildActionMask = 2147483647;
			files = (
				35CA8BEC33BDDB0DC44B9FEF /* Assets.xcassets in Resources */,
			);
			runOnlyForDeploymentPostprocessing = 0;
		};
/* End PBXResourcesBuildPhase section */

/* Begin PBXSourcesBuildPhase section */
		33E7869705AFBA4F44CDB761 /* Sources */ = {
			isa = PBXSourcesBuildPhase;
			buildActionMask = 2147483647;
			files = (
				92117E5B898208B000AD68BB /* Configuration.swift in Sources */,
				6EF072A6F9B106ECCF35F534 /* ContentView.swift in Sources */,
				CD24B8E9A01A69FCF40083C9 /* DNSMessage.swift in Sources */,
				C5CAB66F77012652440E8DB1 /* FoxVPNApp.swift in Sources */,
				A1C9F7CC060A36A18249CD66 /* Models.swift in Sources */,
				B1BC2B8E8C52A01BFAB62A5D /* ProfileVault.swift in Sources */,
				E8D53BCFB2EAB14F648BB72C /* QRScanner.swift in Sources */,
				290B381A39BABEABC6C942F6 /* SettingsView.swift in Sources */,
				A705E7BF4C614D06F808711C /* VPNController.swift in Sources */,
			);
			runOnlyForDeploymentPostprocessing = 0;
		};
		9A01DC932D6E01E0DAE926AD /* Sources */ = {
			isa = PBXSourcesBuildPhase;
			buildActionMask = 2147483647;
			files = (
				621390B7B3CDE4459D7D4E97 /* Configuration.swift in Sources */,
				39F2216D18DCFFDF2E942318 /* DNSMessage.swift in Sources */,
				AB68D13331608FE603105118 /* Models.swift in Sources */,
				81963746321EB773968D2C71 /* PacketTunnelProvider.swift in Sources */,
				1E45A64271B1A326F129E2AB /* ProfileVault.swift in Sources */,
				7DEC24183A25F410A252C702 /* SystemDNS.swift in Sources */,
				01D135CD7C97553B700FE879 /* TunnelPlatform.swift in Sources */,
			);
			runOnlyForDeploymentPostprocessing = 0;
		};
		A1F82C8A14E7941C2BD21F5C /* Sources */ = {
			isa = PBXSourcesBuildPhase;
			buildActionMask = 2147483647;
			files = (
				8869DD4D7EE6B08855C1C0F8 /* EngineTests.swift in Sources */,
				A875D84E23428FE19BA1BD89 /* SystemDNS.swift in Sources */,
			);
			runOnlyForDeploymentPostprocessing = 0;
		};
		EF5FA5961E1F2D91174A268C /* Sources */ = {
			isa = PBXSourcesBuildPhase;
			buildActionMask = 2147483647;
			files = (
				F65BA5750799DC4DF0A1F3D3 /* AppTests.swift in Sources */,
			);
			runOnlyForDeploymentPostprocessing = 0;
		};
/* End PBXSourcesBuildPhase section */

/* Begin PBXTargetDependency section */
		844BBE38F6AA160EAAB424C4 /* PBXTargetDependency */ = {
			isa = PBXTargetDependency;
			target = A67123DDC05D1D97B17DCF66 /* foxVPN */;
			targetProxy = 66A99290B068C96C2AEFD146 /* PBXContainerItemProxy */;
		};
		9418EC375FC70B98E38B53F3 /* PBXTargetDependency */ = {
			isa = PBXTargetDependency;
			target = A78C3E8497E4E242E28389B8 /* FoxVPNTunnel */;
			targetProxy = B8E834162109C0DF07EE848C /* PBXContainerItemProxy */;
		};
		A857504DBC629DCABA681A97 /* PBXTargetDependency */ = {
			isa = PBXTargetDependency;
			target = A67123DDC05D1D97B17DCF66 /* foxVPN */;
			targetProxy = 51EBEAFE7CAD8B1790D266E9 /* PBXContainerItemProxy */;
		};
/* End PBXTargetDependency section */

/* Begin XCBuildConfiguration section */
		06509794DBCDE57C36361153 /* Release */ = {
			isa = XCBuildConfiguration;
			buildSettings = {
				BUNDLE_LOADER = "$(TEST_HOST)";
				GENERATE_INFOPLIST_FILE = YES;
				LD_RUNPATH_SEARCH_PATHS = (
					"$(inherited)",
					"@executable_path/Frameworks",
					"@loader_path/Frameworks",
				);
				PRODUCT_BUNDLE_IDENTIFIER = ru.smartvpn.router.ios.uitests;
				SDKROOT = iphoneos;
				TARGETED_DEVICE_FAMILY = "1,2";
				TEST_TARGET_NAME = foxVPN;
			};
			name = Release;
		};
		299036BAC0026C350E136561 /* Release */ = {
			isa = XCBuildConfiguration;
			buildSettings = {
				ALWAYS_SEARCH_USER_PATHS = NO;
				ARCHS = arm64;
				CLANG_ANALYZER_NONNULL = YES;
				CLANG_ANALYZER_NUMBER_OBJECT_CONVERSION = YES_AGGRESSIVE;
				CLANG_CXX_LANGUAGE_STANDARD = "gnu++14";
				CLANG_CXX_LIBRARY = "libc++";
				CLANG_ENABLE_MODULES = YES;
				CLANG_ENABLE_OBJC_ARC = YES;
				CLANG_ENABLE_OBJC_WEAK = YES;
				CLANG_WARN_BLOCK_CAPTURE_AUTORELEASING = YES;
				CLANG_WARN_BOOL_CONVERSION = YES;
				CLANG_WARN_COMMA = YES;
				CLANG_WARN_CONSTANT_CONVERSION = YES;
				CLANG_WARN_DEPRECATED_OBJC_IMPLEMENTATIONS = YES;
				CLANG_WARN_DIRECT_OBJC_ISA_USAGE = YES_ERROR;
				CLANG_WARN_DOCUMENTATION_COMMENTS = YES;
				CLANG_WARN_EMPTY_BODY = YES;
				CLANG_WARN_ENUM_CONVERSION = YES;
				CLANG_WARN_INFINITE_RECURSION = YES;
				CLANG_WARN_INT_CONVERSION = YES;
				CLANG_WARN_NON_LITERAL_NULL_CONVERSION = YES;
				CLANG_WARN_OBJC_IMPLICIT_RETAIN_SELF = YES;
				CLANG_WARN_OBJC_LITERAL_CONVERSION = YES;
				CLANG_WARN_OBJC_ROOT_CLASS = YES_ERROR;
				CLANG_WARN_QUOTED_INCLUDE_IN_FRAMEWORK_HEADER = YES;
				CLANG_WARN_RANGE_LOOP_ANALYSIS = YES;
				CLANG_WARN_STRICT_PROTOTYPES = YES;
				CLANG_WARN_SUSPICIOUS_MOVE = YES;
				CLANG_WARN_UNGUARDED_AVAILABILITY = YES_AGGRESSIVE;
				CLANG_WARN_UNREACHABLE_CODE = YES;
				CLANG_WARN__DUPLICATE_METHOD_MATCH = YES;
				CODE_SIGN_STYLE = Automatic;
				COPY_PHASE_STRIP = NO;
				CURRENT_PROJECT_VERSION = 1;
				DEBUG_INFORMATION_FORMAT = "dwarf-with-dsym";
				ENABLE_NS_ASSERTIONS = NO;
				ENABLE_STRICT_OBJC_MSGSEND = YES;
				FOX_APP_GROUP = group.ru.smartvpn.router.ios;
				FOX_KEYCHAIN_GROUP = "$(AppIdentifierPrefix)ru.smartvpn.router.ios.shared";
				GCC_C_LANGUAGE_STANDARD = gnu11;
				GCC_NO_COMMON_BLOCKS = YES;
				GCC_WARN_64_TO_32_BIT_CONVERSION = YES;
				GCC_WARN_ABOUT_RETURN_TYPE = YES_ERROR;
				GCC_WARN_UNDECLARED_SELECTOR = YES;
				GCC_WARN_UNINITIALIZED_AUTOS = YES_AGGRESSIVE;
				GCC_WARN_UNUSED_FUNCTION = YES;
				GCC_WARN_UNUSED_VARIABLE = YES;
				IPHONEOS_DEPLOYMENT_TARGET = 16.0;
				MARKETING_VERSION = 0.1.0;
				MTL_ENABLE_DEBUG_INFO = NO;
				MTL_FAST_MATH = YES;
				PRODUCT_NAME = "$(TARGET_NAME)";
				SDKROOT = iphoneos;
				SWIFT_COMPILATION_MODE = wholemodule;
				SWIFT_OPTIMIZATION_LEVEL = "-O";
				SWIFT_VERSION = 5.0;
				TARGETED_DEVICE_FAMILY = 1;
			};
			name = Release;
		};
		454A31E5C4F337768107E613 /* Release */ = {
			isa = XCBuildConfiguration;
			buildSettings = {
				ASSETCATALOG_COMPILER_APPICON_NAME = AppIcon;
				CODE_SIGN_ENTITLEMENTS = App/foxVPN.entitlements;
				CODE_SIGN_IDENTITY = "iPhone Developer";
				INFOPLIST_FILE = App/Info.plist;
				LD_RUNPATH_SEARCH_PATHS = (
					"$(inherited)",
					"@executable_path/Frameworks",
				);
				PRODUCT_BUNDLE_IDENTIFIER = ru.smartvpn.router.ios;
				PRODUCT_MODULE_NAME = FoxVPN;
				SDKROOT = iphoneos;
				TARGETED_DEVICE_FAMILY = "1,2";
			};
			name = Release;
		};
		4F9A4D2308C054CC0512E3BF /* Debug */ = {
			isa = XCBuildConfiguration;
			buildSettings = {
				ALWAYS_SEARCH_USER_PATHS = NO;
				ARCHS = arm64;
				CLANG_ANALYZER_NONNULL = YES;
				CLANG_ANALYZER_NUMBER_OBJECT_CONVERSION = YES_AGGRESSIVE;
				CLANG_CXX_LANGUAGE_STANDARD = "gnu++14";
				CLANG_CXX_LIBRARY = "libc++";
				CLANG_ENABLE_MODULES = YES;
				CLANG_ENABLE_OBJC_ARC = YES;
				CLANG_ENABLE_OBJC_WEAK = YES;
				CLANG_WARN_BLOCK_CAPTURE_AUTORELEASING = YES;
				CLANG_WARN_BOOL_CONVERSION = YES;
				CLANG_WARN_COMMA = YES;
				CLANG_WARN_CONSTANT_CONVERSION = YES;
				CLANG_WARN_DEPRECATED_OBJC_IMPLEMENTATIONS = YES;
				CLANG_WARN_DIRECT_OBJC_ISA_USAGE = YES_ERROR;
				CLANG_WARN_DOCUMENTATION_COMMENTS = YES;
				CLANG_WARN_EMPTY_BODY = YES;
				CLANG_WARN_ENUM_CONVERSION = YES;
				CLANG_WARN_INFINITE_RECURSION = YES;
				CLANG_WARN_INT_CONVERSION = YES;
				CLANG_WARN_NON_LITERAL_NULL_CONVERSION = YES;
				CLANG_WARN_OBJC_IMPLICIT_RETAIN_SELF = YES;
				CLANG_WARN_OBJC_LITERAL_CONVERSION = YES;
				CLANG_WARN_OBJC_ROOT_CLASS = YES_ERROR;
				CLANG_WARN_QUOTED_INCLUDE_IN_FRAMEWORK_HEADER = YES;
				CLANG_WARN_RANGE_LOOP_ANALYSIS = YES;
				CLANG_WARN_STRICT_PROTOTYPES = YES;
				CLANG_WARN_SUSPICIOUS_MOVE = YES;
				CLANG_WARN_UNGUARDED_AVAILABILITY = YES_AGGRESSIVE;
				CLANG_WARN_UNREACHABLE_CODE = YES;
				CLANG_WARN__DUPLICATE_METHOD_MATCH = YES;
				CODE_SIGN_STYLE = Automatic;
				COPY_PHASE_STRIP = NO;
				CURRENT_PROJECT_VERSION = 1;
				DEBUG_INFORMATION_FORMAT = dwarf;
				ENABLE_STRICT_OBJC_MSGSEND = YES;
				ENABLE_TESTABILITY = YES;
				FOX_APP_GROUP = group.ru.smartvpn.router.ios;
				FOX_KEYCHAIN_GROUP = "$(AppIdentifierPrefix)ru.smartvpn.router.ios.shared";
				GCC_C_LANGUAGE_STANDARD = gnu11;
				GCC_DYNAMIC_NO_PIC = NO;
				GCC_NO_COMMON_BLOCKS = YES;
				GCC_OPTIMIZATION_LEVEL = 0;
				GCC_PREPROCESSOR_DEFINITIONS = (
					"$(inherited)",
					"DEBUG=1",
				);
				GCC_WARN_64_TO_32_BIT_CONVERSION = YES;
				GCC_WARN_ABOUT_RETURN_TYPE = YES_ERROR;
				GCC_WARN_UNDECLARED_SELECTOR = YES;
				GCC_WARN_UNINITIALIZED_AUTOS = YES_AGGRESSIVE;
				GCC_WARN_UNUSED_FUNCTION = YES;
				GCC_WARN_UNUSED_VARIABLE = YES;
				IPHONEOS_DEPLOYMENT_TARGET = 16.0;
				MARKETING_VERSION = 0.1.0;
				MTL_ENABLE_DEBUG_INFO = INCLUDE_SOURCE;
				MTL_FAST_MATH = YES;
				ONLY_ACTIVE_ARCH = YES;
				PRODUCT_NAME = "$(TARGET_NAME)";
				SDKROOT = iphoneos;
				SWIFT_ACTIVE_COMPILATION_CONDITIONS = DEBUG;
				SWIFT_OPTIMIZATION_LEVEL = "-Onone";
				SWIFT_VERSION = 5.0;
				TARGETED_DEVICE_FAMILY = 1;
			};
			name = Debug;
		};
		90450071C34462AD236A6BAA /* Release */ = {
			isa = XCBuildConfiguration;
			buildSettings = {
				BUNDLE_LOADER = "$(TEST_HOST)";
				FRAMEWORK_SEARCH_PATHS = (
					"$(inherited)",
					"\"Frameworks\"",
				);
				GENERATE_INFOPLIST_FILE = YES;
				LD_RUNPATH_SEARCH_PATHS = (
					"$(inherited)",
					"@executable_path/Frameworks",
					"@loader_path/Frameworks",
				);
				OTHER_SWIFT_FLAGS = "$(inherited) -D FOXVPN_DNS_TESTS";
				PRODUCT_BUNDLE_IDENTIFIER = ru.smartvpn.router.ios.tests;
				SDKROOT = iphoneos;
				TARGETED_DEVICE_FAMILY = "1,2";
				TEST_HOST = "$(BUILT_PRODUCTS_DIR)/foxVPN.app/foxVPN";
			};
			name = Release;
		};
		A0C7A5DA51315148A86D81D0 /* Debug */ = {
			isa = XCBuildConfiguration;
			buildSettings = {
				APPLICATION_EXTENSION_API_ONLY = YES;
				CODE_SIGN_ENTITLEMENTS = Tunnel/FoxVPNTunnel.entitlements;
				FRAMEWORK_SEARCH_PATHS = (
					"$(inherited)",
					"\"Frameworks\"",
				);
				INFOPLIST_FILE = Tunnel/Info.plist;
				LD_RUNPATH_SEARCH_PATHS = (
					"$(inherited)",
					"@executable_path/Frameworks",
					"@executable_path/../../Frameworks",
				);
				PRODUCT_BUNDLE_IDENTIFIER = ru.smartvpn.router.ios.tunnel;
				PRODUCT_MODULE_NAME = FoxVPNTunnel;
				SDKROOT = iphoneos;
				SKIP_INSTALL = YES;
				TARGETED_DEVICE_FAMILY = "1,2";
			};
			name = Debug;
		};
		AC0A7D997223BA5CEF915449 /* Debug */ = {
			isa = XCBuildConfiguration;
			buildSettings = {
				BUNDLE_LOADER = "$(TEST_HOST)";
				FRAMEWORK_SEARCH_PATHS = (
					"$(inherited)",
					"\"Frameworks\"",
				);
				GENERATE_INFOPLIST_FILE = YES;
				LD_RUNPATH_SEARCH_PATHS = (
					"$(inherited)",
					"@executable_path/Frameworks",
					"@loader_path/Frameworks",
				);
				OTHER_SWIFT_FLAGS = "$(inherited) -D FOXVPN_DNS_TESTS";
				PRODUCT_BUNDLE_IDENTIFIER = ru.smartvpn.router.ios.tests;
				SDKROOT = iphoneos;
				TARGETED_DEVICE_FAMILY = "1,2";
				TEST_HOST = "$(BUILT_PRODUCTS_DIR)/foxVPN.app/foxVPN";
			};
			name = Debug;
		};
		AFCF8A0904EAD2543C87C0F5 /* Debug */ = {
			isa = XCBuildConfiguration;
			buildSettings = {
				BUNDLE_LOADER = "$(TEST_HOST)";
				GENERATE_INFOPLIST_FILE = YES;
				LD_RUNPATH_SEARCH_PATHS = (
					"$(inherited)",
					"@executable_path/Frameworks",
					"@loader_path/Frameworks",
				);
				PRODUCT_BUNDLE_IDENTIFIER = ru.smartvpn.router.ios.uitests;
				SDKROOT = iphoneos;
				TARGETED_DEVICE_FAMILY = "1,2";
				TEST_TARGET_NAME = foxVPN;
			};
			name = Debug;
		};
		CD31D71AE796C3CFF99926D7 /* Release */ = {
			isa = XCBuildConfiguration;
			buildSettings = {
				APPLICATION_EXTENSION_API_ONLY = YES;
				CODE_SIGN_ENTITLEMENTS = Tunnel/FoxVPNTunnel.entitlements;
				FRAMEWORK_SEARCH_PATHS = (
					"$(inherited)",
					"\"Frameworks\"",
				);
				INFOPLIST_FILE = Tunnel/Info.plist;
				LD_RUNPATH_SEARCH_PATHS = (
					"$(inherited)",
					"@executable_path/Frameworks",
					"@executable_path/../../Frameworks",
				);
				PRODUCT_BUNDLE_IDENTIFIER = ru.smartvpn.router.ios.tunnel;
				PRODUCT_MODULE_NAME = FoxVPNTunnel;
				SDKROOT = iphoneos;
				SKIP_INSTALL = YES;
				TARGETED_DEVICE_FAMILY = "1,2";
			};
			name = Release;
		};
		D55C91D524A52B6301961D4A /* Debug */ = {
			isa = XCBuildConfiguration;
			buildSettings = {
				ASSETCATALOG_COMPILER_APPICON_NAME = AppIcon;
				CODE_SIGN_ENTITLEMENTS = App/foxVPN.entitlements;
				CODE_SIGN_IDENTITY = "iPhone Developer";
				INFOPLIST_FILE = App/Info.plist;
				LD_RUNPATH_SEARCH_PATHS = (
					"$(inherited)",
					"@executable_path/Frameworks",
				);
				PRODUCT_BUNDLE_IDENTIFIER = ru.smartvpn.router.ios;
				PRODUCT_MODULE_NAME = FoxVPN;
				SDKROOT = iphoneos;
				TARGETED_DEVICE_FAMILY = "1,2";
			};
			name = Debug;
		};
/* End XCBuildConfiguration section */

/* Begin XCConfigurationList section */
		004C2FABF76024A150E7B054 /* Build configuration list for PBXNativeTarget "FoxVPNTunnel" */ = {
			isa = XCConfigurationList;
			buildConfigurations = (
				A0C7A5DA51315148A86D81D0 /* Debug */,
				CD31D71AE796C3CFF99926D7 /* Release */,
			);
			defaultConfigurationIsVisible = 0;
			defaultConfigurationName = Debug;
		};
		14F17B52F72BDAEDB533CB46 /* Build configuration list for PBXNativeTarget "FoxVPNUITests" */ = {
			isa = XCConfigurationList;
			buildConfigurations = (
				AFCF8A0904EAD2543C87C0F5 /* Debug */,
				06509794DBCDE57C36361153 /* Release */,
			);
			defaultConfigurationIsVisible = 0;
			defaultConfigurationName = Debug;
		};
		46F6B74418C812A8911D243D /* Build configuration list for PBXNativeTarget "FoxVPNIntegrationTests" */ = {
			isa = XCConfigurationList;
			buildConfigurations = (
				AC0A7D997223BA5CEF915449 /* Debug */,
				90450071C34462AD236A6BAA /* Release */,
			);
			defaultConfigurationIsVisible = 0;
			defaultConfigurationName = Debug;
		};
		A633D119DFE0BCDCA0B586FA /* Build configuration list for PBXNativeTarget "foxVPN" */ = {
			isa = XCConfigurationList;
			buildConfigurations = (
				D55C91D524A52B6301961D4A /* Debug */,
				454A31E5C4F337768107E613 /* Release */,
			);
			defaultConfigurationIsVisible = 0;
			defaultConfigurationName = Debug;
		};
		F07AA03CD34534781561ED8A /* Build configuration list for PBXProject "foxVPN" */ = {
			isa = XCConfigurationList;
			buildConfigurations = (
				4F9A4D2308C054CC0512E3BF /* Debug */,
				299036BAC0026C350E136561 /* Release */,
			);
			defaultConfigurationIsVisible = 0;
			defaultConfigurationName = Debug;
		};
/* End XCConfigurationList section */
	};
	rootObject = 58A1B645A6D7DD4227B6480C /* Project object */;
}
